// !$*UTF8*$!
{
	archiveVersion = 1;
	classes = {
	};
	objectVersion = 55;
	objects = {

/* Begin PBXBuildFile section */
		8B837BEC28C0E533002C7FD8 /* AppDelegate.swift in Sources */ = {isa = PBXBuildFile; fileRef = 8B837BEB28C0E533002C7FD8 /* AppDelegate.swift */; };
		8B837BEE28C0E533002C7FD8 /* SceneDelegate.swift in Sources */ = {isa = PBXBuildFile; fileRef = 8B837BED28C0E533002C7FD8 /* SceneDelegate.swift */; };
		8B837BF028C0E533002C7FD8 /* ViewController.swift in Sources */ = {isa = PBXBuildFile; fileRef = 8B837BEF28C0E533002C7FD8 /* ViewController.swift */; };
		8B837BF328C0E533002C7FD8 /* Main.storyboard in Resources */ = {isa = PBXBuildFile; fileRef = 8B837BF128C0E533002C7FD8 /* Main.storyboard */; };
		8B837BF528C0E535002C7FD8 /* Assets.xcassets in Resources */ = {isa = PBXBuildFile; fileRef = 8B837BF428C0E535002C7FD8 /* Assets.xcassets */; };
		8B837BF828C0E535002C7FD8 /* LaunchScreen.storyboard in Resources */ = {isa = PBXBuildFile; fileRef = 8B837BF628C0E535002C7FD8 /* LaunchScreen.storyboard */; };
		8B837C0328C0EB0D002C7FD8 /* Account.swift in Sources */ = {isa = PBXBuildFile; fileRef = 8B837C0228C0EB0D002C7FD8 /* Account.swift */; };
		8B837C0628C0ECBE002C7FD8 /* LoginView.swift in Sources */ = {isa = PBXBuildFile; fileRef = 8B837C0528C0ECBE002C7FD8 /* LoginView.swift */; };
		8B837C0828C0ECED002C7FD8 /* LoginViewPresenter.swift in Sources */ = {isa = PBXBuildFile; fileRef = 8B837C0728C0ECED002C7FD8 /* LoginViewPresenter.swift */; };
		8B837C0A28C0EDEA002C7FD8 /* LoginPresenter.swift in Sources */ = {isa = PBXBuildFile; fileRef = 8B837C0928C0EDEA002C7FD8 /* LoginPresenter.swift */; };
		8B837C0C28C10105002C7FD8 /* RoundLabel.swift in Sources */ = {isa = PBXBuildFile; fileRef = 8B837C0B28C10105002C7FD8 /* RoundLabel.swift */; };
/* End PBXBuildFile section */

/* Begin PBXFileReference section */
		8B837BE828C0E533002C7FD8 /* JZGDemo.app */ = {isa = PBXFileReference; explicitFileType = wrapper.application; includeInIndex = 0; path = JZGDemo.app; sourceTree = BUILT_PRODUCTS_DIR; };
		8B837BEB28C0E533002C7FD8 /* AppDelegate.swift */ = {isa = PBXFileReference; lastKnownFileType = sourcecode.swift; path = AppDelegate.swift; sourceTree = "<group>"; };
		8B837BED28C0E533002C7FD8 /* SceneDelegate.swift */ = {isa = PBXFileReference; lastKnownFileType = sourcecode.swift; path = SceneDelegate.swift; sourceTree = "<group>"; };
		8B837BEF28C0E533002C7FD8 /* ViewController.swift */ = {isa = PBXFileReference; lastKnownFileType = sourcecode.swift; path = ViewController.swift; sourceTree = "<group>"; };
		8B837BF228C0E533002C7FD8 /* Base */ = {isa = PBXFileReference; lastKnownFileType = file.storyboard; name = Base; path = Base.lproj/Main.storyboard; sourceTree = "<group>"; };
		8B837BF428C0E535002C7FD8 /* Assets.xcassets */ = {isa = PBXFileReference; lastKnownFileType = folder.assetcatalog; path = Assets.xcassets; sourceTree = "<group>"; };
		8B837BF728C0E535002C7FD8 /* Base */ = {isa = PBXFileReference; lastKnownFileType = file.storyboard; name = Base; path = Base.lproj/LaunchScreen.storyboard; sourceTree = "<group>"; };
		8B837BF928C0E535002C7FD8 /* Info.plist */ = {isa = PBXFileReference; lastKnownFileType = text.plist.xml; path = Info.plist; sourceTree = "<group>"; };
		8B837BFF28C0E54A002C7FD8 /* README.md */ = {isa = PBXFileReference; lastKnownFileType = net.daringfireball.markdown; path = README.md; sourceTree = "<group>"; };
		8B837C0228C0EB0D002C7FD8 /* Account.swift */ = {isa = PBXFileReference; lastKnownFileType = sourcecode.swift; path = Account.swift; sourceTree = "<group>"; };
		8B837C0528C0ECBE002C7FD8 /* LoginView.swift */ = {isa = PBXFileReference; lastKnownFileType = sourcecode.swift; path = LoginView.swift; sourceTree = "<group>"; };
		8B837C0728C0ECED002C7FD8 /* LoginViewPresenter.swift */ = {isa = PBXFileReference; lastKnownFileType = sourcecode.swift; path = LoginViewPresenter.swift; sourceTree = "<group>"; };
		8B837C0928C0EDEA002C7FD8 /* LoginPresenter.swift */ = {isa = PBXFileReference; lastKnownFileType = sourcecode.swift; path = LoginPresenter.swift; sourceTree = "<group>"; };
		8B837C0B28C10105002C7FD8 /* RoundLabel.swift */ = {isa = PBXFileReference; lastKnownFileType = sourcecode.swift; path = RoundLabel.swift; sourceTree = "<group>"; };
/* End PBXFileReference section */

/* Begin PBXFrameworksBuildPhase section */
		8B837BE528C0E533002C7FD8 /* Frameworks */ = {
			isa = PBXFrameworksBuildPhase;
			buildActionMask = 2147483647;
			files = (
			);
			runOnlyForDeploymentPostprocessing = 0;
		};
/* End PBXFrameworksBuildPhase section */

/* Begin PBXGroup section */
		8B837BDF28C0E533002C7FD8 = {
			isa = PBXGroup;
			children = (
				8B837BFF28C0E54A002C7FD8 /* README.md */,
				8B837BEA28C0E533002C7FD8 /* JZGDemo */,
				8B837BE928C0E533002C7FD8 /* Products */,
			);
			sourceTree = "<group>";
		};
		8B837BE928C0E533002C7FD8 /* Products */ = {
			isa = PBXGroup;
			children = (
				8B837BE828C0E533002C7FD8 /* JZGDemo.app */,
			);
			name = Products;
			sourceTree = "<group>";
		};
		8B837BEA28C0E533002C7FD8 /* JZGDemo */ = {
			isa = PBXGroup;
			children = (
				8B837BEB28C0E533002C7FD8 /* AppDelegate.swift */,
				8B837BED28C0E533002C7FD8 /* SceneDelegate.swift */,
				8B837C0128C0EAF3002C7FD8 /* Model */,
				8B837C0028C0EAEA002C7FD8 /* View */,
				8B837C0428C0EC5E002C7FD8 /* Presenter */,
				8B837BF428C0E535002C7FD8 /* Assets.xcassets */,
				8B837BF628C0E535002C7FD8 /* LaunchScreen.storyboard */,
				8B837BF928C0E535002C7FD8 /* Info.plist */,
			);
			path = JZGDemo;
			sourceTree = "<group>";
		};
		8B837C0028C0EAEA002C7FD8 /* View */ = {
			isa = PBXGroup;
			children = (
				8B837BF128C0E533002C7FD8 /* Main.storyboard */,
				8B837BEF28C0E533002C7FD8 /* ViewController.swift */,
				8B837C0B28C10105002C7FD8 /* RoundLabel.swift */,
			);
			path = View;
			sourceTree = "<group>";
		};
		8B837C0128C0EAF3002C7FD8 /* Model */ = {
			isa = PBXGroup;
			children = (
				8B837C0228C0EB0D002C7FD8 /* Account.swift */,
			);
			path = Model;
			sourceTree = "<group>";
		};
		8B837C0428C0EC5E002C7FD8 /* Presenter */ = {
			isa = PBXGroup;
			children = (
				8B837C0528C0ECBE002C7FD8 /* LoginView.swift */,
				8B837C0728C0ECED002C7FD8 /* LoginViewPresenter.swift */,
				8B837C0928C0EDEA002C7FD8 /* LoginPresenter.swift */,
			);
			path = Presenter;
			sourceTree = "<group>";
		};
/* End PBXGroup section */

/* Begin PBXNativeTarget section */
		8B837BE728C0E533002C7FD8 /* JZGDemo */ = {
			isa = PBXNativeTarget;
			buildConfigurationList = 8B837BFC28C0E535002C7FD8 /* Build configuration list for PBXNativeTarget "JZGDemo" */;
			buildPhases = (
				8B837BE428C0E533002C7FD8 /* Sources */,
				8B837BE528C0E533002C7FD8 /* Frameworks */,
				8B837BE628C0E533002C7FD8 /* Resources */,
			);
			buildRules = (
			);
			dependencies = (
			);
			name = JZGDemo;
			productName = JZGDemo;
			productReference = 8B837BE828C0E533002C7FD8 /* JZGDemo.app */;
			productType = "com.apple.product-type.application";
		};
/* End PBXNativeTarget section */

/* Begin PBXProject section */
		8B837BE028C0E533002C7FD8 /* Project object */ = {
			isa = PBXProject;
			attributes = {
				BuildIndependentTargetsInParallel = 1;
				LastSwiftUpdateCheck = 1340;
				LastUpgradeCheck = 1340;
				TargetAttributes = {
					8B837BE728C0E533002C7FD8 = {
						CreatedOnToolsVersion = 13.4.1;
					};
				};
			};
			buildConfigurationList = 8B837BE328C0E533002C7FD8 /* Build configuration list for PBXProject "JZGDemo" */;
			compatibilityVersion = "Xcode 13.0";
			developmentRegion = en;
			hasScannedForEncodings = 0;
			knownRegions = (
				en,
				Base,
			);
			mainGroup = 8B837BDF28C0E533002C7FD8;
			productRefGroup = 8B837BE928C0E533002C7FD8 /* Products */;
			projectDirPath = "";
			projectRoot = "";
			targets = (
				8B837BE728C0E533002C7FD8 /* JZGDemo */,
			);
		};
/* End PBXProject section */

/* Begin PBXResourcesBuildPhase section */
		8B837BE628C0E533002C7FD8 /* Resources */ = {
			isa = PBXResourcesBuildPhase;
			buildActionMask = 2147483647;
			files = (
				8B837BF828C0E535002C7FD8 /* LaunchScreen.storyboard in Resources */,
				8B837BF528C0E535002C7FD8 /* Assets.xcassets in Resources */,
				8B837BF328C0E533002C7FD8 /* Main.storyboard in Resources */,
			);
			runOnlyForDeploymentPostprocessing = 0;
		};
/* End PBXResourcesBuildPhase section */

/* Begin PBXSourcesBuildPhase section */
		8B837BE428C0E533002C7FD8 /* Sources */ = {
			isa = PBXSourcesBuildPhase;
			buildActionMask = 2147483647;
			files = (
				8B837BF028C0E533002C7FD8 /* ViewController.swift in Sources */,
				8B837C0328C0EB0D002C7FD8 /* Account.swift in Sources */,
				8B837C0A28C0EDEA002C7FD8 /* LoginPresenter.swift in Sources */,
				8B837C0C28C10105002C7FD8 /* RoundLabel.swift in Sources */,
				8B837BEC28C0E533002C7FD8 /* AppDelegate.swift in Sources */,
				8B837C0828C0ECED002C7FD8 /* LoginViewPresenter.swift in Sources */,
				8B837C0628C0ECBE002C7FD8 /* LoginView.swift in Sources */,
				8B837BEE28C0E533002C7FD8 /* SceneDelegate.swift in Sources */,
			);
			runOnlyForDeploymentPostprocessing = 0;
		};
/* End PBXSourcesBuildPhase section */

/* Begin PBXVariantGroup section */
		8B837BF128C0E533002C7FD8 /* Main.storyboard */ = {
			isa = PBXVariantGroup;
			children = (
				8B837BF228C0E533002C7FD8 /* Base */,
			);
			name = Main.storyboard;
			sourceTree = "<group>";
		};
		8B837BF628C0E535002C7FD8 /* LaunchScreen.storyboard */ = {
			isa = PBXVariantGroup;
			children = (
				8B837BF728C0E535002C7FD8 /* Base */,
			);
			name = LaunchScreen.storyboard;
			sourceTree = "<group>";
		};
/* End PBXVariantGroup section */

/* Begin XCBuildConfiguration section */
		8B837BFA28C0E535002C7FD8 /* Debug */ = {
			isa = XCBuildConfiguration;
			buildSettings = {
				ALWAYS_SEARCH_USER_PATHS = NO;
				CLANG_ANALYZER_NONNULL = YES;
				CLANG_ANALYZER_NUMBER_OBJECT_CONVERSION = YES_AGGRESSIVE;
				CLANG_CXX_LANGUAGE_STANDARD = "gnu++17";
				CLANG_ENABLE_MODULES = YES;
				CLANG_ENABLE_OBJC_ARC = YES;
				CLANG_ENABLE_OBJC_WEAK = YES;
				CLANG_WARN_BLOCK_CAPTURE_AUTORELEASING = YES;
				CLANG_WARN_BOOL_CONVERSION = YES;
				CLANG_WARN_COMMA = YES;
				CLANG_WARN_CONSTANT_CONVERSION = YES;
				CLANG_WARN_DEPRECATED_OBJC_IMPLEMENTATIONS = YES;
				CLANG_WARN_DIRECT_OBJC_ISA_USAGE = YES_ERROR;
				CLANG_WARN_DOCUMENTATION_COMMENTS = YES;
				CLANG_WARN_EMPTY_BODY = YES;
				CLANG_WARN_ENUM_CONVERSION = YES;
				CLANG_WARN_INFINITE_RECURSION = YES;
				CLANG_WARN_INT_CONVERSION = YES;
				CLANG_WARN_NON_LITERAL_NULL_CONVERSION = YES;
				CLANG_WARN_OBJC_IMPLICIT_RETAIN_SELF = YES;
				CLANG_WARN_OBJC_LITERAL_CONVERSION = YES;
				CLANG_WARN_OBJC_ROOT_CLASS = YES_ERROR;
				CLANG_WARN_QUOTED_INCLUDE_IN_FRAMEWORK_HEADER = YES;
				CLANG_WARN_RANGE_LOOP_ANALYSIS = YES;
				CLANG_WARN_STRICT_PROTOTYPES = YES;
				CLANG_WARN_SUSPICIOUS_MOVE = YES;
				CLANG_WARN_UNGUARDED_AVAILABILITY = YES_AGGRESSIVE;
				CLANG_WARN_UNREACHABLE_CODE = YES;
				CLANG_WARN__DUPLICATE_METHOD_MATCH = YES;
				COPY_PHASE_STRIP = NO;
				DEBUG_INFORMATION_FORMAT = dwarf;
				ENABLE_STRICT_OBJC_MSGSEND = YES;
				ENABLE_TESTABILITY = YES;
				GCC_C_LANGUAGE_STANDARD = gnu11;
				GCC_DYNAMIC_NO_PIC = NO;
				GCC_NO_COMMON_BLOCKS = YES;
				GCC_OPTIMIZATION_LEVEL = 0;
				GCC_PREPROCESSOR_DEFINITIONS = (
					"DEBUG=1",
					"$(inherited)",
				);
				GCC_WARN_64_TO_32_BIT_CONVERSION = YES;
				GCC_WARN_ABOUT_RETURN_TYPE = YES_ERROR;
				GCC_WARN_UNDECLARED_SELECTOR = YES;
				GCC_WARN_UNINITIALIZED_AUTOS = YES_AGGRESSIVE;
				GCC_WARN_UNUSED_FUNCTION = YES;
				GCC_WARN_UNUSED_VARIABLE = YES;
				IPHONEOS_DEPLOYMENT_TARGET = 13.0;
				MTL_ENABLE_DEBUG_INFO = INCLUDE_SOURCE;
				MTL_FAST_MATH = YES;
				ONLY_ACTIVE_ARCH = YES;
				SDKROOT = iphoneos;
				SWIFT_ACTIVE_COMPILATION_CONDITIONS = DEBUG;
				SWIFT_OPTIMIZATION_LEVEL = "-Onone";
			};
			name = Debug;
		};
		8B837BFB28C0E535002C7FD8 /* Release */ = {
			isa = XCBuildConfiguration;
			buildSettings = {
				ALWAYS_SEARCH_USER_PATHS = NO;
				CLANG_ANALYZER_NONNULL = YES;
				CLANG_ANALYZER_NUMBER_OBJECT_CONVERSION = YES_AGGRESSIVE;
				CLANG_CXX_LANGUAGE_STANDARD = "gnu++17";
				CLANG_ENABLE_MODULES = YES;
				CLANG_ENABLE_OBJC_ARC = YES;
				CLANG_ENABLE_OBJC_WEAK = YES;
				CLANG_WARN_BLOCK_CAPTURE_AUTORELEASING = YES;
				CLANG_WARN_BOOL_CONVERSION = YES;
				CLANG_WARN_COMMA = YES;
				CLANG_WARN_CONSTANT_CONVERSION = YES;
				CLANG_WARN_DEPRECATED_OBJC_IMPLEMENTATIONS = YES;
				CLANG_WARN_DIRECT_OBJC_ISA_USAGE = YES_ERROR;
				CLANG_WARN_DOCUMENTATION_COMMENTS = YES;
				CLANG_WARN_EMPTY_BODY = YES;
				CLANG_WARN_ENUM_CONVERSION = YES;
				CLANG_WARN_INFINITE_RECURSION = YES;
				CLANG_WARN_INT_CONVERSION = YES;
				CLANG_WARN_NON_LITERAL_NULL_CONVERSION = YES;
				CLANG_WARN_OBJC_IMPLICIT_RETAIN_SELF = YES;
				CLANG_WARN_OBJC_LITERAL_CONVERSION = YES;
				CLANG_WARN_OBJC_ROOT_CLASS = YES_ERROR;
				CLANG_WARN_QUOTED_INCLUDE_IN_FRAMEWORK_HEADER = YES;
				CLANG_WARN_RANGE_LOOP_ANALYSIS = YES;
				CLANG_WARN_STRICT_PROTOTYPES = YES;
				CLANG_WARN_SUSPICIOUS_MOVE = YES;
				CLANG_WARN_UNGUARDED_AVAILABILITY = YES_AGGRESSIVE;
				CLANG_WARN_UNREACHABLE_CODE = YES;
				CLANG_WARN__DUPLICATE_METHOD_MATCH = YES;
				COPY_PHASE_STRIP = NO;
				DEBUG_INFORMATION_FORMAT = "dwarf-with-dsym";
				ENABLE_NS_ASSERTIONS = NO;
				ENABLE_STRICT_OBJC_MSGSEND = YES;
				GCC_C_LANGUAGE_STANDARD = gnu11;
				GCC_NO_COMMON_BLOCKS = YES;
				GCC_WARN_64_TO_32_BIT_CONVERSION = YES;
				GCC_WARN_ABOUT_RETURN_TYPE = YES_ERROR;
				GCC_WARN_UNDECLARED_SELECTOR = YES;
				GCC_WARN_UNINITIALIZED_AUTOS = YES_AGGRESSIVE;
				GCC_WARN_UNUSED_FUNCTION = YES;
				GCC_WARN_UNUSED_VARIABLE = YES;
				IPHONEOS_DEPLOYMENT_TARGET = 13.0;
				MTL_ENABLE_DEBUG_INFO = NO;
				MTL_FAST_MATH = YES;
				SDKROOT = iphoneos;
				SWIFT_COMPILATION_MODE = wholemodule;
				SWIFT_OPTIMIZATION_LEVEL = "-O";
				VALIDATE_PRODUCT = YES;
			};
			name = Release;
		};
		8B837BFD28C0E535002C7FD8 /* Debug */ = {
			isa = XCBuildConfiguration;
			buildSettings = {
				ASSETCATALOG_COMPILER_APPICON_NAME = AppIcon;
				ASSETCATALOG_COMPILER_GLOBAL_ACCENT_COLOR_NAME = AccentColor;
				CODE_SIGN_STYLE = Automatic;
				CURRENT_PROJECT_VERSION = 1;
				DEVELOPMENT_TEAM = A2LPNTJJ58;
				GENERATE_INFOPLIST_FILE = YES;
				INFOPLIST_FILE = JZGDemo/Info.plist;
				INFOPLIST_KEY_UIApplicationSupportsIndirectInputEvents = YES;
				INFOPLIST_KEY_UILaunchStoryboardName = LaunchScreen;
				INFOPLIST_KEY_UIMainStoryboardFile = Main;
				INFOPLIST_KEY_UISupportedInterfaceOrientations_iPad = "UIInterfaceOrientationPortrait UIInterfaceOrientationPortraitUpsideDown UIInterfaceOrientationLandscapeLeft UIInterfaceOrientationLandscapeRight";
				INFOPLIST_KEY_UISupportedInterfaceOrientations_iPhone = "UIInterfaceOrientationPortrait UIInterfaceOrientationLandscapeLeft UIInterfaceOrientationLandscapeRight";
				LD_RUNPATH_SEARCH_PATHS = (
					"$(inherited)",
					"@executable_path/Frameworks",
				);
				MARKETING_VERSION = 1.0;
				PRODUCT_BUNDLE_IDENTIFIER = live.huangsenhui.jzg.demo;
				PRODUCT_NAME = "$(TARGET_NAME)";
				SWIFT_EMIT_LOC_STRINGS = YES;
				SWIFT_VERSION = 5.0;
				TARGETED_DEVICE_FAMILY = "1,2";
			};
			name = Debug;
		};
		8B837BFE28C0E535002C7FD8 /* Release */ = {
			isa = XCBuildConfiguration;
			buildSettings = {
				ASSETCATALOG_COMPILER_APPICON_NAME = AppIcon;
				ASSETCATALOG_COMPILER_GLOBAL_ACCENT_COLOR_NAME = AccentColor;
				CODE_SIGN_STYLE = Automatic;
				CURRENT_PROJECT_VERSION = 1;
				DEVELOPMENT_TEAM = A2LPNTJJ58;
				GENERATE_INFOPLIST_FILE = YES;
				INFOPLIST_FILE = JZGDemo/Info.plist;
				INFOPLIST_KEY_UIApplicationSupportsIndirectInputEvents = YES;
				INFOPLIST_KEY_UILaunchStoryboardName = LaunchScreen;
				INFOPLIST_KEY_UIMainStoryboardFile = Main;
				INFOPLIST_KEY_UISupportedInterfaceOrientations_iPad = "UIInterfaceOrientationPortrait UIInterfaceOrientationPortraitUpsideDown UIInterfaceOrientationLandscapeLeft UIInterfaceOrientationLandscapeRight";
				INFOPLIST_KEY_UISupportedInterfaceOrientations_iPhone = "UIInterfaceOrientationPortrait UIInterfaceOrientationLandscapeLeft UIInterfaceOrientationLandscapeRight";
				LD_RUNPATH_SEARCH_PATHS = (
					"$(inherited)",
					"@executable_path/Frameworks",
				);
				MARKETING_VERSION = 1.0;
				PRODUCT_BUNDLE_IDENTIFIER = live.huangsenhui.jzg.demo;
				PRODUCT_NAME = "$(TARGET_NAME)";
				SWIFT_EMIT_LOC_STRINGS = YES;
				SWIFT_VERSION = 5.0;
				TARGETED_DEVICE_FAMILY = "1,2";
			};
			name = Release;
		};
/* End XCBuildConfiguration section */

/* Begin XCConfigurationList section */
		8B837BE328C0E533002C7FD8 /* Build configuration list for PBXProject "JZGDemo" */ = {
			isa = XCConfigurationList;
			buildConfigurations = (
				8B837BFA28C0E535002C7FD8 /* Debug */,
				8B837BFB28C0E535002C7FD8 /* Release */,
			);
			defaultConfigurationIsVisible = 0;
			defaultConfigurationName = Release;
		};
		8B837BFC28C0E535002C7FD8 /* Build configuration list for PBXNativeTarget "JZGDemo" */ = {
			isa = XCConfigurationList;
			buildConfigurations = (
				8B837BFD28C0E535002C7FD8 /* Debug */,
				8B837BFE28C0E535002C7FD8 /* Release */,
			);
			defaultConfigurationIsVisible = 0;
			defaultConfigurationName = Release;
		};
/* End XCConfigurationList section */
	};
	rootObject = 8B837BE028C0E533002C7FD8 /* Project object */;
}
